// !$*UTF8*$!
{
	archiveVersion = 1;
	classes = {
	};
	objectVersion = 50;
	objects = {

/* Begin PBXBuildFile section */
		AB59342E255A4DF800DEC9E3 /* AppDelegate.swift in Sources */ = {isa = PBXBuildFile; fileRef = AB59342D255A4DF800DEC9E3 /* AppDelegate.swift */; };
		AB593430255A4DF800DEC9E3 /* SceneDelegate.swift in Sources */ = {isa = PBXBuildFile; fileRef = AB59342F255A4DF800DEC9E3 /* SceneDelegate.swift */; };
		AB593432255A4DF800DEC9E3 /* ContentView.swift in Sources */ = {isa = PBXBuildFile; fileRef = AB593431255A4DF800DEC9E3 /* ContentView.swift */; };
		AB593435255A4DF800DEC9E3 /* Memorize.xcdatamodeld in Sources */ = {isa = PBXBuildFile; fileRef = AB593433255A4DF800DEC9E3 /* Memorize.xcdatamodeld */; };
		AB593437255A4DFC00DEC9E3 /* Assets.xcassets in Resources */ = {isa = PBXBuildFile; fileRef = AB593436255A4DFC00DEC9E3 /* Assets.xcassets */; };
		AB59343A255A4DFC00DEC9E3 /* Preview Assets.xcassets in Resources */ = {isa = PBXBuildFile; fileRef = AB593439255A4DFC00DEC9E3 /* Preview Assets.xcassets */; };
		AB59343D255A4DFC00DEC9E3 /* LaunchScreen.storyboard in Resources */ = {isa = PBXBuildFile; fileRef = AB59343B255A4DFC00DEC9E3 /* LaunchScreen.storyboard */; };
		AB593448255A4DFC00DEC9E3 /* MemorizeTests.swift in Sources */ = {isa = PBXBuildFile; fileRef = AB593447255A4DFC00DEC9E3 /* MemorizeTests.swift */; };
		AB593453255A4DFC00DEC9E3 /* MemorizeUITests.swift in Sources */ = {isa = PBXBuildFile; fileRef = AB593452255A4DFC00DEC9E3 /* MemorizeUITests.swift */; };
/* End PBXBuildFile section */

/* Begin PBXContainerItemProxy section */
		AB593444255A4DFC00DEC9E3 /* PBXContainerItemProxy */ = {
			isa = PBXContainerItemProxy;
			containerPortal = AB593422255A4DF800DEC9E3 /* Project object */;
			proxyType = 1;
			remoteGlobalIDString = AB593429255A4DF800DEC9E3;
			remoteInfo = Memorize;
		};
		AB59344F255A4DFC00DEC9E3 /* PBXContainerItemProxy */ = {
			isa = PBXContainerItemProxy;
			containerPortal = AB593422255A4DF800DEC9E3 /* Project object */;
			proxyType = 1;
			remoteGlobalIDString = AB593429255A4DF800DEC9E3;
			remoteInfo = Memorize;
		};
/* End PBXContainerItemProxy section */

/* Begin PBXFileReference section */
		AB59342A255A4DF800DEC9E3 /* Memorize.app */ = {isa = PBXFileReference; explicitFileType = wrapper.application; includeInIndex = 0; path = Memorize.app; sourceTree = BUILT_PRODUCTS_DIR; };
		AB59342D255A4DF800DEC9E3 /* AppDelegate.swift */ = {isa = PBXFileReference; lastKnownFileType = sourcecode.swift; path = AppDelegate.swift; sourceTree = "<group>"; };
		AB59342F255A4DF800DEC9E3 /* SceneDelegate.swift */ = {isa = PBXFileReference; lastKnownFileType = sourcecode.swift; path = SceneDelegate.swift; sourceTree = "<group>"; };
		AB593431255A4DF800DEC9E3 /* ContentView.swift */ = {isa = PBXFileReference; lastKnownFileType = sourcecode.swift; path = ContentView.swift; sourceTree = "<group>"; };
		AB593434255A4DF800DEC9E3 /* Memorize.xcdatamodel */ = {isa = PBXFileReference; lastKnownFileType = wrapper.xcdatamodel; path = Memorize.xcdatamodel; sourceTree = "<group>"; };
		AB593436255A4DFC00DEC9E3 /* Assets.xcassets */ = {isa = PBXFileReference; lastKnownFileType = folder.assetcatalog; path = Assets.xcassets; sourceTree = "<group>"; };
		AB593439255A4DFC00DEC9E3 /* Preview Assets.xcassets */ = {isa = PBXFileReference; lastKnownFileType = folder.assetcatalog; path = "Preview Assets.xcassets"; sourceTree = "<group>"; };
		AB59343C255A4DFC00DEC9E3 /* Base */ = {isa = PBXFileReference; lastKnownFileType = file.storyboard; name = Base; path = Base.lproj/LaunchScreen.storyboard; sourceTree = "<group>"; };
		AB59343E255A4DFC00DEC9E3 /* Info.plist */ = {isa = PBXFileReference; lastKnownFileType = text.plist.xml; path = Info.plist; sourceTree = "<group>"; };
		AB593443255A4DFC00DEC9E3 /* MemorizeTests.xctest */ = {isa = PBXFileReference; explicitFileType = wrapper.cfbundle; includeInIndex = 0; path = MemorizeTests.xctest; sourceTree = BUILT_PRODUCTS_DIR; };
		AB593447255A4DFC00DEC9E3 /* MemorizeTests.swift */ = {isa = PBXFileReference; lastKnownFileType = sourcecode.swift; path = MemorizeTests.swift; sourceTree = "<group>"; };
		AB593449255A4DFC00DEC9E3 /* Info.plist */ = {isa = PBXFileReference; lastKnownFileType = text.plist.xml; path = Info.plist; sourceTree = "<group>"; };
		AB59344E255A4DFC00DEC9E3 /* MemorizeUITests.xctest */ = {isa = PBXFileReference; explicitFileType = wrapper.cfbundle; includeInIndex = 0; path = MemorizeUITests.xctest; sourceTree = BUILT_PRODUCTS_DIR; };
		AB593452255A4DFC00DEC9E3 /* MemorizeUITests.swift */ = {isa = PBXFileReference; lastKnownFileType = sourcecode.swift; path = MemorizeUITests.swift; sourceTree = "<group>"; };
		AB593454255A4DFC00DEC9E3 /* Info.plist */ = {isa = PBXFileReference; lastKnownFileType = text.plist.xml; path = Info.plist; sourceTree = "<group>"; };
/* End PBXFileReference section */

/* Begin PBXFrameworksBuildPhase section */
		AB593427255A4DF800DEC9E3 /* Frameworks */ = {
			isa = PBXFrameworksBuildPhase;
			buildActionMask = 2147483647;
			files = (
			);
			runOnlyForDeploymentPostprocessing = 0;
		};
		AB593440255A4DFC00DEC9E3 /* Frameworks */ = {
			isa = PBXFrameworksBuildPhase;
			buildActionMask = 2147483647;
			files = (
			);
			runOnlyForDeploymentPostprocessing = 0;
		};
		AB59344B255A4DFC00DEC9E3 /* Frameworks */ = {
			isa = PBXFrameworksBuildPhase;
			buildActionMask = 2147483647;
			files = (
			);
			runOnlyForDeploymentPostprocessing = 0;
		};
/* End PBXFrameworksBuildPhase section */

/* Begin PBXGroup section */
		AB593421255A4DF800DEC9E3 = {
			isa = PBXGroup;
			children = (
				AB59342C255A4DF800DEC9E3 /* Memorize */,
				AB593446255A4DFC00DEC9E3 /* MemorizeTests */,
				AB593451255A4DFC00DEC9E3 /* MemorizeUITests */,
				AB59342B255A4DF800DEC9E3 /* Products */,
			);
			sourceTree = "<group>";
		};
		AB59342B255A4DF800DEC9E3 /* Products */ = {
			isa = PBXGroup;
			children = (
				AB59342A255A4DF800DEC9E3 /* Memorize.app */,
				AB593443255A4DFC00DEC9E3 /* MemorizeTests.xctest */,
				AB59344E255A4DFC00DEC9E3 /* MemorizeUITests.xctest */,
			);
			name = Products;
			sourceTree = "<group>";
		};
		AB59342C255A4DF800DEC9E3 /* Memorize */ = {
			isa = PBXGroup;
			children = (
				AB59342D255A4DF800DEC9E3 /* AppDelegate.swift */,
				AB59342F255A4DF800DEC9E3 /* SceneDelegate.swift */,
				AB593431255A4DF800DEC9E3 /* ContentView.swift */,
				AB593436255A4DFC00DEC9E3 /* Assets.xcassets */,
				AB59343B255A4DFC00DEC9E3 /* LaunchScreen.storyboard */,
				AB59343E255A4DFC00DEC9E3 /* Info.plist */,
				AB593433255A4DF800DEC9E3 /* Memorize.xcdatamodeld */,
				AB593438255A4DFC00DEC9E3 /* Preview Content */,
			);
			path = Memorize;
			sourceTree = "<group>";
		};
		AB593438255A4DFC00DEC9E3 /* Preview Content */ = {
			isa = PBXGroup;
			children = (
				AB593439255A4DFC00DEC9E3 /* Preview Assets.xcassets */,
			);
			path = "Preview Content";
			sourceTree = "<group>";
		};
		AB593446255A4DFC00DEC9E3 /* MemorizeTests */ = {
			isa = PBXGroup;
			children = (
				AB593447255A4DFC00DEC9E3 /* MemorizeTests.swift */,
				AB593449255A4DFC00DEC9E3 /* Info.plist */,
			);
			path = MemorizeTests;
			sourceTree = "<group>";
		};
		AB593451255A4DFC00DEC9E3 /* MemorizeUITests */ = {
			isa = PBXGroup;
			children = (
				AB593452255A4DFC00DEC9E3 /* MemorizeUITests.swift */,
				AB593454255A4DFC00DEC9E3 /* Info.plist */,
			);
			path = MemorizeUITests;
			sourceTree = "<group>";
		};
/* End PBXGroup section */

/* Begin PBXNativeTarget section */
		AB593429255A4DF800DEC9E3 /* Memorize */ = {
			isa = PBXNativeTarget;
			buildConfigurationList = AB593457255A4DFC00DEC9E3 /* Build configuration list for PBXNativeTarget "Memorize" */;
			buildPhases = (
				AB593426255A4DF800DEC9E3 /* Sources */,
				AB593427255A4DF800DEC9E3 /* Frameworks */,
				AB593428255A4DF800DEC9E3 /* Resources */,
			);
			buildRules = (
			);
			dependencies = (
			);
			name = Memorize;
			productName = Memorize;
			productReference = AB59342A255A4DF800DEC9E3 /* Memorize.app */;
			productType = "com.apple.product-type.application";
		};
		AB593442255A4DFC00DEC9E3 /* MemorizeTests */ = {
			isa = PBXNativeTarget;
			buildConfigurationList = AB59345A255A4DFC00DEC9E3 /* Build configuration list for PBXNativeTarget "MemorizeTests" */;
			buildPhases = (
				AB59343F255A4DFC00DEC9E3 /* Sources */,
				AB593440255A4DFC00DEC9E3 /* Frameworks */,
				AB593441255A4DFC00DEC9E3 /* Resources */,
			);
			buildRules = (
			);
			dependencies = (
				AB593445255A4DFC00DEC9E3 /* PBXTargetDependency */,
			);
			name = MemorizeTests;
			productName = MemorizeTests;
			productReference = AB593443255A4DFC00DEC9E3 /* MemorizeTests.xctest */;
			productType = "com.apple.product-type.bundle.unit-test";
		};
		AB59344D255A4DFC00DEC9E3 /* MemorizeUITests */ = {
			isa = PBXNativeTarget;
			buildConfigurationList = AB59345D255A4DFC00DEC9E3 /* Build configuration list for PBXNativeTarget "MemorizeUITests" */;
			buildPhases = (
				AB59344A255A4DFC00DEC9E3 /* Sources */,
				AB59344B255A4DFC00DEC9E3 /* Frameworks */,
				AB59344C255A4DFC00DEC9E3 /* Resources */,
			);
			buildRules = (
			);
			dependencies = (
				AB593450255A4DFC00DEC9E3 /* PBXTargetDependency */,
			);
			name = MemorizeUITests;
			productName = MemorizeUITests;
			productReference = AB59344E255A4DFC00DEC9E3 /* MemorizeUITests.xctest */;
			productType = "com.apple.product-type.bundle.ui-testing";
		};
/* End PBXNativeTarget section */

/* Begin PBXProject section */
		AB593422255A4DF800DEC9E3 /* Project object */ = {
			isa = PBXProject;
			attributes = {
				LastSwiftUpdateCheck = 1200;
				LastUpgradeCheck = 1200;
				TargetAttributes = {
					AB593429255A4DF800DEC9E3 = {
						CreatedOnToolsVersion = 12.0.1;
					};
					AB593442255A4DFC00DEC9E3 = {
						CreatedOnToolsVersion = 12.0.1;
						TestTargetID = AB593429255A4DF800DEC9E3;
					};
					AB59344D255A4DFC00DEC9E3 = {
						CreatedOnToolsVersion = 12.0.1;
						TestTargetID = AB593429255A4DF800DEC9E3;
					};
				};
			};
			buildConfigurationList = AB593425255A4DF800DEC9E3 /* Build configuration list for PBXProject "Memorize" */;
			compatibilityVersion = "Xcode 9.3";
			developmentRegion = en;
			hasScannedForEncodings = 0;
			knownRegions = (
				en,
				Base,
			);
			mainGroup = AB593421255A4DF800DEC9E3;
			productRefGroup = AB59342B255A4DF800DEC9E3 /* Products */;
			projectDirPath = "";
			projectRoot = "";
			targets = (
				AB593429255A4DF800DEC9E3 /* Memorize */,
				AB593442255A4DFC00DEC9E3 /* MemorizeTests */,
				AB59344D255A4DFC00DEC9E3 /* MemorizeUITests */,
			);
		};
/* End PBXProject section */

/* Begin PBXResourcesBuildPhase section */
		AB593428255A4DF800DEC9E3 /* Resources */ = {
			isa = PBXResourcesBuildPhase;
			buildActionMask = 2147483647;
			files = (
				AB59343D255A4DFC00DEC9E3 /* LaunchScreen.storyboard in Resources */,
				AB59343A255A4DFC00DEC9E3 /* Preview Assets.xcassets in Resources */,
				AB593437255A4DFC00DEC9E3 /* Assets.xcassets in Resources */,
			);
			runOnlyForDeploymentPostprocessing = 0;
		};
		AB593441255A4DFC00DEC9E3 /* Resources */ = {
			isa = PBXResourcesBuildPhase;
			buildActionMask = 2147483647;
			files = (
			);
			runOnlyForDeploymentPostprocessing = 0;
		};
		AB59344C255A4DFC00DEC9E3 /* Resources */ = {
			isa = PBXResourcesBuildPhase;
			buildActionMask = 2147483647;
			files = (
			);
			runOnlyForDeploymentPostprocessing = 0;
		};
/* End PBXResourcesBuildPhase section */

/* Begin PBXSourcesBuildPhase section */
		AB593426255A4DF800DEC9E3 /* Sources */ = {
			isa = PBXSourcesBuildPhase;
			buildActionMask = 2147483647;
			files = (
				AB59342E255A4DF800DEC9E3 /* AppDelegate.swift in Sources */,
				AB593435255A4DF800DEC9E3 /* Memorize.xcdatamodeld in Sources */,
				AB593430255A4DF800DEC9E3 /* SceneDelegate.swift in Sources */,
				AB593432255A4DF800DEC9E3 /* ContentView.swift in Sources */,
			);
			runOnlyForDeploymentPostprocessing = 0;
		};
		AB59343F255A4DFC00DEC9E3 /* Sources */ = {
			isa = PBXSourcesBuildPhase;
			buildActionMask = 2147483647;
			files = (
				AB593448255A4DFC00DEC9E3 /* MemorizeTests.swift in Sources */,
			);
			runOnlyForDeploymentPostprocessing = 0;
		};
		AB59344A255A4DFC00DEC9E3 /* Sources */ = {
			isa = PBXSourcesBuildPhase;
			buildActionMask = 2147483647;
			files = (
				AB593453255A4DFC00DEC9E3 /* MemorizeUITests.swift in Sources */,
			);
			runOnlyForDeploymentPostprocessing = 0;
		};
/* End PBXSourcesBuildPhase section */

/* Begin PBXTargetDependency section */
		AB593445255A4DFC00DEC9E3 /* PBXTargetDependency */ = {
			isa = PBXTargetDependency;
			target = AB593429255A4DF800DEC9E3 /* Memorize */;
			targetProxy = AB593444255A4DFC00DEC9E3 /* PBXContainerItemProxy */;
		};
		AB593450255A4DFC00DEC9E3 /* PBXTargetDependency */ = {
			isa = PBXTargetDependency;
			target = AB593429255A4DF800DEC9E3 /* Memorize */;
			targetProxy = AB59344F255A4DFC00DEC9E3 /* PBXContainerItemProxy */;
		};
/* End PBXTargetDependency section */

/* Begin PBXVariantGroup section */
		AB59343B255A4DFC00DEC9E3 /* LaunchScreen.storyboard */ = {
			isa = PBXVariantGroup;
			children = (
				AB59343C255A4DFC00DEC9E3 /* Base */,
			);
			name = LaunchScreen.storyboard;
			sourceTree = "<group>";
		};
/* End PBXVariantGroup section */

/* Begin XCBuildConfiguration section */
		AB593455255A4DFC00DEC9E3 /* Debug */ = {
			isa = XCBuildConfiguration;
			buildSettings = {
				ALWAYS_SEARCH_USER_PATHS = NO;
				CLANG_ANALYZER_NONNULL = YES;
				CLANG_ANALYZER_NUMBER_OBJECT_CONVERSION = YES_AGGRESSIVE;
				CLANG_CXX_LANGUAGE_STANDARD = "gnu++14";
				CLANG_CXX_LIBRARY = "libc++";
				CLANG_ENABLE_MODULES = YES;
				CLANG_ENABLE_OBJC_ARC = YES;
				CLANG_ENABLE_OBJC_WEAK = YES;
				CLANG_WARN_BLOCK_CAPTURE_AUTORELEASING = YES;
				CLANG_WARN_BOOL_CONVERSION = YES;
				CLANG_WARN_COMMA = YES;
				CLANG_WARN_CONSTANT_CONVERSION = YES;
				CLANG_WARN_DEPRECATED_OBJC_IMPLEMENTATIONS = YES;
				CLANG_WARN_DIRECT_OBJC_ISA_USAGE = YES_ERROR;
				CLANG_WARN_DOCUMENTATION_COMMENTS = YES;
				CLANG_WARN_EMPTY_BODY = YES;
				CLANG_WARN_ENUM_CONVERSION = YES;
				CLANG_WARN_INFINITE_RECURSION = YES;
				CLANG_WARN_INT_CONVERSION = YES;
				CLANG_WARN_NON_LITERAL_NULL_CONVERSION = YES;
				CLANG_WARN_OBJC_IMPLICIT_RETAIN_SELF = YES;
				CLANG_WARN_OBJC_LITERAL_CONVERSION = YES;
				CLANG_WARN_OBJC_ROOT_CLASS = YES_ERROR;
				CLANG_WARN_QUOTED_INCLUDE_IN_FRAMEWORK_HEADER = YES;
				CLANG_WARN_RANGE_LOOP_ANALYSIS = YES;
				CLANG_WARN_STRICT_PROTOTYPES = YES;
				CLANG_WARN_SUSPICIOUS_MOVE = YES;
				CLANG_WARN_UNGUARDED_AVAILABILITY = YES_AGGRESSIVE;
				CLANG_WARN_UNREACHABLE_CODE = YES;
				CLANG_WARN__DUPLICATE_METHOD_MATCH = YES;
				COPY_PHASE_STRIP = NO;
				DEBUG_INFORMATION_FORMAT = dwarf;
				ENABLE_STRICT_OBJC_MSGSEND = YES;
				ENABLE_TESTABILITY = YES;
				GCC_C_LANGUAGE_STANDARD = gnu11;
				GCC_DYNAMIC_NO_PIC = NO;
				GCC_NO_COMMON_BLOCKS = YES;
				GCC_OPTIMIZATION_LEVEL = 0;
				GCC_PREPROCESSOR_DEFINITIONS = (
					"DEBUG=1",
					"$(inherited)",
				);
				GCC_WARN_64_TO_32_BIT_CONVERSION = YES;
				GCC_WARN_ABOUT_RETURN_TYPE = YES_ERROR;
				GCC_WARN_UNDECLARED_SELECTOR = YES;
				GCC_WARN_UNINITIALIZED_AUTOS = YES_AGGRESSIVE;
				GCC_WARN_UNUSED_FUNCTION = YES;
				GCC_WARN_UNUSED_VARIABLE = YES;
				IPHONEOS_DEPLOYMENT_TARGET = 14.0;
				MTL_ENABLE_DEBUG_INFO = INCLUDE_SOURCE;
				MTL_FAST_MATH = YES;
				ONLY_ACTIVE_ARCH = YES;
				SDKROOT = iphoneos;
				SWIFT_ACTIVE_COMPILATION_CONDITIONS = DEBUG;
				SWIFT_OPTIMIZATION_LEVEL = "-Onone";
			};
			name = Debug;
		};
		AB593456255A4DFC00DEC9E3 /* Release */ = {
			isa = XCBuildConfiguration;
			buildSettings = {
				ALWAYS_SEARCH_USER_PATHS = NO;
				CLANG_ANALYZER_NONNULL = YES;
				CLANG_ANALYZER_NUMBER_OBJECT_CONVERSION = YES_AGGRESSIVE;
				CLANG_CXX_LANGUAGE_STANDARD = "gnu++14";
				CLANG_CXX_LIBRARY = "libc++";
				CLANG_ENABLE_MODULES = YES;
				CLANG_ENABLE_OBJC_ARC = YES;
				CLANG_ENABLE_OBJC_WEAK = YES;
				CLANG_WARN_BLOCK_CAPTURE_AUTORELEASING = YES;
				CLANG_WARN_BOOL_CONVERSION = YES;
				CLANG_WARN_COMMA = YES;
				CLANG_WARN_CONSTANT_CONVERSION = YES;
				CLANG_WARN_DEPRECATED_OBJC_IMPLEMENTATIONS = YES;
				CLANG_WARN_DIRECT_OBJC_ISA_USAGE = YES_ERROR;
				CLANG_WARN_DOCUMENTATION_COMMENTS = YES;
				CLANG_WARN_EMPTY_BODY = YES;
				CLANG_WARN_ENUM_CONVERSION = YES;
				CLANG_WARN_INFINITE_RECURSION = YES;
				CLANG_WARN_INT_CONVERSION = YES;
				CLANG_WARN_NON_LITERAL_NULL_CONVERSION = YES;
				CLANG_WARN_OBJC_IMPLICIT_RETAIN_SELF = YES;
				CLANG_WARN_OBJC_LITERAL_CONVERSION = YES;
				CLANG_WARN_OBJC_ROOT_CLASS = YES_ERROR;
				CLANG_WARN_QUOTED_INCLUDE_IN_FRAMEWORK_HEADER = YES;
				CLANG_WARN_RANGE_LOOP_ANALYSIS = YES;
				CLANG_WARN_STRICT_PROTOTYPES = YES;
				CLANG_WARN_SUSPICIOUS_MOVE = YES;
				CLANG_WARN_UNGUARDED_AVAILABILITY = YES_AGGRESSIVE;
				CLANG_WARN_UNREACHABLE_CODE = YES;
				CLANG_WARN__DUPLICATE_METHOD_MATCH = YES;
				COPY_PHASE_STRIP = NO;
				DEBUG_INFORMATION_FORMAT = "dwarf-with-dsym";
				ENABLE_NS_ASSERTIONS = NO;
				ENABLE_STRICT_OBJC_MSGSEND = YES;
				GCC_C_LANGUAGE_STANDARD = gnu11;
				GCC_NO_COMMON_BLOCKS = YES;
				GCC_WARN_64_TO_32_BIT_CONVERSION = YES;
				GCC_WARN_ABOUT_RETURN_TYPE = YES_ERROR;
				GCC_WARN_UNDECLARED_SELECTOR = YES;
				GCC_WARN_UNINITIALIZED_AUTOS = YES_AGGRESSIVE;
				GCC_WARN_UNUSED_FUNCTION = YES;
				GCC_WARN_UNUSED_VARIABLE = YES;
				IPHONEOS_DEPLOYMENT_TARGET = 14.0;
				MTL_ENABLE_DEBUG_INFO = NO;
				MTL_FAST_MATH = YES;
				SDKROOT = iphoneos;
				SWIFT_COMPILATION_MODE = wholemodule;
				SWIFT_OPTIMIZATION_LEVEL = "-O";
				VALIDATE_PRODUCT = YES;
			};
			name = Release;
		};
		AB593458255A4DFC00DEC9E3 /* Debug */ = {
			isa = XCBuildConfiguration;
			buildSettings = {
				ASSETCATALOG_COMPILER_APPICON_NAME = AppIcon;
				ASSETCATALOG_COMPILER_GLOBAL_ACCENT_COLOR_NAME = AccentColor;
				CODE_SIGN_STYLE = Automatic;
				DEVELOPMENT_ASSET_PATHS = "\"Memorize/Preview Content\"";
				DEVELOPMENT_TEAM = QAFQ5XW788;
				ENABLE_PREVIEWS = YES;
				INFOPLIST_FILE = Memorize/Info.plist;
				LD_RUNPATH_SEARCH_PATHS = (
					"$(inherited)",
					"@executable_path/Frameworks",
				);
				PRODUCT_BUNDLE_IDENTIFIER = daisy.Memorize;
				PRODUCT_NAME = "$(TARGET_NAME)";
				SWIFT_VERSION = 5.0;
				TARGETED_DEVICE_FAMILY = "1,2";
			};
			name = Debug;
		};
		AB593459255A4DFC00DEC9E3 /* Release */ = {
			isa = XCBuildConfiguration;
			buildSettings = {
				ASSETCATALOG_COMPILER_APPICON_NAME = AppIcon;
				ASSETCATALOG_COMPILER_GLOBAL_ACCENT_COLOR_NAME = AccentColor;
				CODE_SIGN_STYLE = Automatic;
				DEVELOPMENT_ASSET_PATHS = "\"Memorize/Preview Content\"";
				DEVELOPMENT_TEAM = QAFQ5XW788;
				ENABLE_PREVIEWS = YES;
				INFOPLIST_FILE = Memorize/Info.plist;
				LD_RUNPATH_SEARCH_PATHS = (
					"$(inherited)",
					"@executable_path/Frameworks",
				);
				PRODUCT_BUNDLE_IDENTIFIER = daisy.Memorize;
				PRODUCT_NAME = "$(TARGET_NAME)";
				SWIFT_VERSION = 5.0;
				TARGETED_DEVICE_FAMILY = "1,2";
			};
			name = Release;
		};
		AB59345B255A4DFC00DEC9E3 /* Debug */ = {
			isa = XCBuildConfiguration;
			buildSettings = {
				ALWAYS_EMBED_SWIFT_STANDARD_LIBRARIES = YES;
				BUNDLE_LOADER = "$(TEST_HOST)";
				CODE_SIGN_STYLE = Automatic;
				DEVELOPMENT_TEAM = QAFQ5XW788;
				INFOPLIST_FILE = MemorizeTests/Info.plist;
				IPHONEOS_DEPLOYMENT_TARGET = 14.0;
				LD_RUNPATH_SEARCH_PATHS = (
					"$(inherited)",
					"@executable_path/Frameworks",
					"@loader_path/Frameworks",
				);
				PRODUCT_BUNDLE_IDENTIFIER = daisy.MemorizeTests;
				PRODUCT_NAME = "$(TARGET_NAME)";
				SWIFT_VERSION = 5.0;
				TARGETED_DEVICE_FAMILY = "1,2";
				TEST_HOST = "$(BUILT_PRODUCTS_DIR)/Memorize.app/Memorize";
			};
			name = Debug;
		};
		AB59345C255A4DFC00DEC9E3 /* Release */ = {
			isa = XCBuildConfiguration;
			buildSettings = {
				ALWAYS_EMBED_SWIFT_STANDARD_LIBRARIES = YES;
				BUNDLE_LOADER = "$(TEST_HOST)";
				CODE_SIGN_STYLE = Automatic;
				DEVELOPMENT_TEAM = QAFQ5XW788;
				INFOPLIST_FILE = MemorizeTests/Info.plist;
				IPHONEOS_DEPLOYMENT_TARGET = 14.0;
				LD_RUNPATH_SEARCH_PATHS = (
					"$(inherited)",
					"@executable_path/Frameworks",
					"@loader_path/Frameworks",
				);
				PRODUCT_BUNDLE_IDENTIFIER = daisy.MemorizeTests;
				PRODUCT_NAME = "$(TARGET_NAME)";
				SWIFT_VERSION = 5.0;
				TARGETED_DEVICE_FAMILY = "1,2";
				TEST_HOST = "$(BUILT_PRODUCTS_DIR)/Memorize.app/Memorize";
			};
			name = Release;
		};
		AB59345E255A4DFC00DEC9E3 /* Debug */ = {
			isa = XCBuildConfiguration;
			buildSettings = {
				ALWAYS_EMBED_SWIFT_STANDARD_LIBRARIES = YES;
				CODE_SIGN_STYLE = Automatic;
				DEVELOPMENT_TEAM = QAFQ5XW788;
				INFOPLIST_FILE = MemorizeUITests/Info.plist;
				LD_RUNPATH_SEARCH_PATHS = (
					"$(inherited)",
					"@executable_path/Frameworks",
					"@loader_path/Frameworks",
				);
				PRODUCT_BUNDLE_IDENTIFIER = daisy.MemorizeUITests;
				PRODUCT_NAME = "$(TARGET_NAME)";
				SWIFT_VERSION = 5.0;
				TARGETED_DEVICE_FAMILY = "1,2";
				TEST_TARGET_NAME = Memorize;
			};
			name = Debug;
		};
		AB59345F255A4DFC00DEC9E3 /* Release */ = {
			isa = XCBuildConfiguration;
			buildSettings = {
				ALWAYS_EMBED_SWIFT_STANDARD_LIBRARIES = YES;
				CODE_SIGN_STYLE = Automatic;
				DEVELOPMENT_TEAM = QAFQ5XW788;
				INFOPLIST_FILE = MemorizeUITests/Info.plist;
				LD_RUNPATH_SEARCH_PATHS = (
					"$(inherited)",
					"@executable_path/Frameworks",
					"@loader_path/Frameworks",
				);
				PRODUCT_BUNDLE_IDENTIFIER = daisy.MemorizeUITests;
				PRODUCT_NAME = "$(TARGET_NAME)";
				SWIFT_VERSION = 5.0;
				TARGETED_DEVICE_FAMILY = "1,2";
				TEST_TARGET_NAME = Memorize;
			};
			name = Release;
		};
/* End XCBuildConfiguration section */

/* Begin XCConfigurationList section */
		AB593425255A4DF800DEC9E3 /* Build configuration list for PBXProject "Memorize" */ = {
			isa = XCConfigurationList;
			buildConfigurations = (
				AB593455255A4DFC00DEC9E3 /* Debug */,
				AB593456255A4DFC00DEC9E3 /* Release */,
			);
			defaultConfigurationIsVisible = 0;
			defaultConfigurationName = Release;
		};
		AB593457255A4DFC00DEC9E3 /* Build configuration list for PBXNativeTarget "Memorize" */ = {
			isa = XCConfigurationList;
			buildConfigurations = (
				AB593458255A4DFC00DEC9E3 /* Debug */,
				AB593459255A4DFC00DEC9E3 /* Release */,
			);
			defaultConfigurationIsVisible = 0;
			defaultConfigurationName = Release;
		};
		AB59345A255A4DFC00DEC9E3 /* Build configuration list for PBXNativeTarget "MemorizeTests" */ = {
			isa = XCConfigurationList;
			buildConfigurations = (
				AB59345B255A4DFC00DEC9E3 /* Debug */,
				AB59345C255A4DFC00DEC9E3 /* Release */,
			);
			defaultConfigurationIsVisible = 0;
			defaultConfigurationName = Release;
		};
		AB59345D255A4DFC00DEC9E3 /* Build configuration list for PBXNativeTarget "MemorizeUITests" */ = {
			isa = XCConfigurationList;
			buildConfigurations = (
				AB59345E255A4DFC00DEC9E3 /* Debug */,
				AB59345F255A4DFC00DEC9E3 /* Release */,
			);
			defaultConfigurationIsVisible = 0;
			defaultConfigurationName = Release;
		};
/* End XCConfigurationList section */

/* Begin XCVersionGroup section */
		AB593433255A4DF800DEC9E3 /* Memorize.xcdatamodeld */ = {
			isa = XCVersionGroup;
			children = (
				AB593434255A4DF800DEC9E3 /* Memorize.xcdatamodel */,
			);
			currentVersion = AB593434255A4DF800DEC9E3 /* Memorize.xcdatamodel */;
			path = Memorize.xcdatamodeld;
			sourceTree = "<group>";
			versionGroupType = wrapper.xcdatamodel;
		};
/* End XCVersionGroup section */
	};
	rootObject = AB593422255A4DF800DEC9E3 /* Project object */;
}
