// !$*UTF8*$!
{
	archiveVersion = 1;
	classes = {
	};
	objectVersion = 50;
	objects = {

/* Begin PBXBuildFile section */
		ABF3F92A26A00F4600AE618F /* PointsVie.swift in Sources */ = {isa = PBXBuildFile; fileRef = ABF3F92926A00F4600AE618F /* PointsVie.swift */; };
		ABF3F92C26A077E600AE618F /* Constants.swift in Sources */ = {isa = PBXBuildFile; fileRef = ABF3F92B26A077E600AE618F /* Constants.swift */; };
		ABF3F93026A07C4F00AE618F /* LeaderBoardView.swift in Sources */ = {isa = PBXBuildFile; fileRef = ABF3F92F26A07C4F00AE618F /* LeaderBoardView.swift */; };
		ABF80E87269977C7003D5E60 /* BullseyeApp.swift in Sources */ = {isa = PBXBuildFile; fileRef = ABF80E86269977C7003D5E60 /* BullseyeApp.swift */; };
		ABF80E89269977C7003D5E60 /* ContentView.swift in Sources */ = {isa = PBXBuildFile; fileRef = ABF80E88269977C7003D5E60 /* ContentView.swift */; };
		ABF80E8B269977C9003D5E60 /* Assets.xcassets in Resources */ = {isa = PBXBuildFile; fileRef = ABF80E8A269977C9003D5E60 /* Assets.xcassets */; };
		ABF80E8E269977C9003D5E60 /* Preview Assets.xcassets in Resources */ = {isa = PBXBuildFile; fileRef = ABF80E8D269977C9003D5E60 /* Preview Assets.xcassets */; };
		ABF80E9B269C6E5A003D5E60 /* Game.swift in Sources */ = {isa = PBXBuildFile; fileRef = ABF80E9A269C6E5A003D5E60 /* Game.swift */; };
		ABF80EA3269C7621003D5E60 /* BullseyeTests.swift in Sources */ = {isa = PBXBuildFile; fileRef = ABF80EA2269C7621003D5E60 /* BullseyeTests.swift */; };
		ABF80EAB269E783D003D5E60 /* TextView.swift in Sources */ = {isa = PBXBuildFile; fileRef = ABF80EAA269E783D003D5E60 /* TextView.swift */; };
		ABF80EAD269E83BA003D5E60 /* Shapes.swift in Sources */ = {isa = PBXBuildFile; fileRef = ABF80EAC269E83BA003D5E60 /* Shapes.swift */; };
		ABF80EAF269E8E54003D5E60 /* RoundViews.swift in Sources */ = {isa = PBXBuildFile; fileRef = ABF80EAE269E8E54003D5E60 /* RoundViews.swift */; };
		ABF80EB1269EADCD003D5E60 /* BackgroundView.swift in Sources */ = {isa = PBXBuildFile; fileRef = ABF80EB0269EADCD003D5E60 /* BackgroundView.swift */; };
/* End PBXBuildFile section */

/* Begin PBXContainerItemProxy section */
		ABF80EA5269C7621003D5E60 /* PBXContainerItemProxy */ = {
			isa = PBXContainerItemProxy;
			containerPortal = ABF80E7B269977C7003D5E60 /* Project object */;
			proxyType = 1;
			remoteGlobalIDString = ABF80E82269977C7003D5E60;
			remoteInfo = Bullseye;
		};
/* End PBXContainerItemProxy section */

/* Begin PBXFileReference section */
		ABF3F92926A00F4600AE618F /* PointsVie.swift */ = {isa = PBXFileReference; lastKnownFileType = sourcecode.swift; path = PointsVie.swift; sourceTree = "<group>"; };
		ABF3F92B26A077E600AE618F /* Constants.swift */ = {isa = PBXFileReference; lastKnownFileType = sourcecode.swift; path = Constants.swift; sourceTree = "<group>"; };
		ABF3F92F26A07C4F00AE618F /* LeaderBoardView.swift */ = {isa = PBXFileReference; lastKnownFileType = sourcecode.swift; path = LeaderBoardView.swift; sourceTree = "<group>"; };
		ABF80E83269977C7003D5E60 /* Bullseye.app */ = {isa = PBXFileReference; explicitFileType = wrapper.application; includeInIndex = 0; path = Bullseye.app; sourceTree = BUILT_PRODUCTS_DIR; };
		ABF80E86269977C7003D5E60 /* BullseyeApp.swift */ = {isa = PBXFileReference; lastKnownFileType = sourcecode.swift; path = BullseyeApp.swift; sourceTree = "<group>"; };
		ABF80E88269977C7003D5E60 /* ContentView.swift */ = {isa = PBXFileReference; lastKnownFileType = sourcecode.swift; lineEnding = 0; path = ContentView.swift; sourceTree = "<group>"; };
		ABF80E8A269977C9003D5E60 /* Assets.xcassets */ = {isa = PBXFileReference; lastKnownFileType = folder.assetcatalog; path = Assets.xcassets; sourceTree = "<group>"; };
		ABF80E8D269977C9003D5E60 /* Preview Assets.xcassets */ = {isa = PBXFileReference; lastKnownFileType = folder.assetcatalog; path = "Preview Assets.xcassets"; sourceTree = "<group>"; };
		ABF80E8F269977C9003D5E60 /* Info.plist */ = {isa = PBXFileReference; lastKnownFileType = text.plist.xml; path = Info.plist; sourceTree = "<group>"; };
		ABF80E9A269C6E5A003D5E60 /* Game.swift */ = {isa = PBXFileReference; lastKnownFileType = sourcecode.swift; path = Game.swift; sourceTree = "<group>"; };
		ABF80EA0269C7621003D5E60 /* BullseyeTests.xctest */ = {isa = PBXFileReference; explicitFileType = wrapper.cfbundle; includeInIndex = 0; path = BullseyeTests.xctest; sourceTree = BUILT_PRODUCTS_DIR; };
		ABF80EA2269C7621003D5E60 /* BullseyeTests.swift */ = {isa = PBXFileReference; lastKnownFileType = sourcecode.swift; path = BullseyeTests.swift; sourceTree = "<group>"; };
		ABF80EA4269C7621003D5E60 /* Info.plist */ = {isa = PBXFileReference; lastKnownFileType = text.plist.xml; path = Info.plist; sourceTree = "<group>"; };
		ABF80EAA269E783D003D5E60 /* TextView.swift */ = {isa = PBXFileReference; lastKnownFileType = sourcecode.swift; path = TextView.swift; sourceTree = "<group>"; };
		ABF80EAC269E83BA003D5E60 /* Shapes.swift */ = {isa = PBXFileReference; lastKnownFileType = sourcecode.swift; path = Shapes.swift; sourceTree = "<group>"; };
		ABF80EAE269E8E54003D5E60 /* RoundViews.swift */ = {isa = PBXFileReference; lastKnownFileType = sourcecode.swift; path = RoundViews.swift; sourceTree = "<group>"; };
		ABF80EB0269EADCD003D5E60 /* BackgroundView.swift */ = {isa = PBXFileReference; lastKnownFileType = sourcecode.swift; path = BackgroundView.swift; sourceTree = "<group>"; };
/* End PBXFileReference section */

/* Begin PBXFrameworksBuildPhase section */
		ABF80E80269977C7003D5E60 /* Frameworks */ = {
			isa = PBXFrameworksBuildPhase;
			buildActionMask = 2147483647;
			files = (
			);
			runOnlyForDeploymentPostprocessing = 0;
		};
		ABF80E9D269C7621003D5E60 /* Frameworks */ = {
			isa = PBXFrameworksBuildPhase;
			buildActionMask = 2147483647;
			files = (
			);
			runOnlyForDeploymentPostprocessing = 0;
		};
/* End PBXFrameworksBuildPhase section */

/* Begin PBXGroup section */
		ABF80E7A269977C7003D5E60 = {
			isa = PBXGroup;
			children = (
				ABF80E85269977C7003D5E60 /* Bullseye */,
				ABF80EA1269C7621003D5E60 /* BullseyeTests */,
				ABF80E84269977C7003D5E60 /* Products */,
			);
			sourceTree = "<group>";
		};
		ABF80E84269977C7003D5E60 /* Products */ = {
			isa = PBXGroup;
			children = (
				ABF80E83269977C7003D5E60 /* Bullseye.app */,
				ABF80EA0269C7621003D5E60 /* BullseyeTests.xctest */,
			);
			name = Products;
			sourceTree = "<group>";
		};
		ABF80E85269977C7003D5E60 /* Bullseye */ = {
			isa = PBXGroup;
			children = (
				ABF80E98269C6DEF003D5E60 /* App */,
				ABF80E97269C6DEA003D5E60 /* Views */,
				ABF80E95269C6DD6003D5E60 /* Models */,
				ABF80E8C269977C9003D5E60 /* Preview Content */,
			);
			path = Bullseye;
			sourceTree = "<group>";
		};
		ABF80E8C269977C9003D5E60 /* Preview Content */ = {
			isa = PBXGroup;
			children = (
				ABF80E8D269977C9003D5E60 /* Preview Assets.xcassets */,
			);
			path = "Preview Content";
			sourceTree = "<group>";
		};
		ABF80E95269C6DD6003D5E60 /* Models */ = {
			isa = PBXGroup;
			children = (
				ABF80E9A269C6E5A003D5E60 /* Game.swift */,
				ABF3F92B26A077E600AE618F /* Constants.swift */,
			);
			path = Models;
			sourceTree = "<group>";
		};
		ABF80E97269C6DEA003D5E60 /* Views */ = {
			isa = PBXGroup;
			children = (
				ABF80E88269977C7003D5E60 /* ContentView.swift */,
				ABF80EAA269E783D003D5E60 /* TextView.swift */,
				ABF80EAC269E83BA003D5E60 /* Shapes.swift */,
				ABF80EAE269E8E54003D5E60 /* RoundViews.swift */,
				ABF80EB0269EADCD003D5E60 /* BackgroundView.swift */,
				ABF3F92926A00F4600AE618F /* PointsVie.swift */,
				ABF3F92F26A07C4F00AE618F /* LeaderBoardView.swift */,
			);
			path = Views;
			sourceTree = "<group>";
		};
		ABF80E98269C6DEF003D5E60 /* App */ = {
			isa = PBXGroup;
			children = (
				ABF80E86269977C7003D5E60 /* BullseyeApp.swift */,
				ABF80E8A269977C9003D5E60 /* Assets.xcassets */,
				ABF80E8F269977C9003D5E60 /* Info.plist */,
			);
			path = App;
			sourceTree = "<group>";
		};
		ABF80EA1269C7621003D5E60 /* BullseyeTests */ = {
			isa = PBXGroup;
			children = (
				ABF80EA2269C7621003D5E60 /* BullseyeTests.swift */,
				ABF80EA4269C7621003D5E60 /* Info.plist */,
			);
			path = BullseyeTests;
			sourceTree = "<group>";
		};
/* End PBXGroup section */

/* Begin PBXNativeTarget section */
		ABF80E82269977C7003D5E60 /* Bullseye */ = {
			isa = PBXNativeTarget;
			buildConfigurationList = ABF80E92269977C9003D5E60 /* Build configuration list for PBXNativeTarget "Bullseye" */;
			buildPhases = (
				ABF80E7F269977C7003D5E60 /* Sources */,
				ABF80E80269977C7003D5E60 /* Frameworks */,
				ABF80E81269977C7003D5E60 /* Resources */,
			);
			buildRules = (
			);
			dependencies = (
			);
			name = Bullseye;
			productName = Bullseye;
			productReference = ABF80E83269977C7003D5E60 /* Bullseye.app */;
			productType = "com.apple.product-type.application";
		};
		ABF80E9F269C7621003D5E60 /* BullseyeTests */ = {
			isa = PBXNativeTarget;
			buildConfigurationList = ABF80EA7269C7621003D5E60 /* Build configuration list for PBXNativeTarget "BullseyeTests" */;
			buildPhases = (
				ABF80E9C269C7621003D5E60 /* Sources */,
				ABF80E9D269C7621003D5E60 /* Frameworks */,
				ABF80E9E269C7621003D5E60 /* Resources */,
			);
			buildRules = (
			);
			dependencies = (
				ABF80EA6269C7621003D5E60 /* PBXTargetDependency */,
			);
			name = BullseyeTests;
			productName = BullseyeTests;
			productReference = ABF80EA0269C7621003D5E60 /* BullseyeTests.xctest */;
			productType = "com.apple.product-type.bundle.unit-test";
		};
/* End PBXNativeTarget section */

/* Begin PBXProject section */
		ABF80E7B269977C7003D5E60 /* Project object */ = {
			isa = PBXProject;
			attributes = {
				LastSwiftUpdateCheck = 1250;
				LastUpgradeCheck = 1250;
				TargetAttributes = {
					ABF80E82269977C7003D5E60 = {
						CreatedOnToolsVersion = 12.5;
					};
					ABF80E9F269C7621003D5E60 = {
						CreatedOnToolsVersion = 12.5;
						TestTargetID = ABF80E82269977C7003D5E60;
					};
				};
			};
			buildConfigurationList = ABF80E7E269977C7003D5E60 /* Build configuration list for PBXProject "Bullseye" */;
			compatibilityVersion = "Xcode 9.3";
			developmentRegion = en;
			hasScannedForEncodings = 0;
			knownRegions = (
				en,
				Base,
			);
			mainGroup = ABF80E7A269977C7003D5E60;
			productRefGroup = ABF80E84269977C7003D5E60 /* Products */;
			projectDirPath = "";
			projectRoot = "";
			targets = (
				ABF80E82269977C7003D5E60 /* Bullseye */,
				ABF80E9F269C7621003D5E60 /* BullseyeTests */,
			);
		};
/* End PBXProject section */

/* Begin PBXResourcesBuildPhase section */
		ABF80E81269977C7003D5E60 /* Resources */ = {
			isa = PBXResourcesBuildPhase;
			buildActionMask = 2147483647;
			files = (
				ABF80E8E269977C9003D5E60 /* Preview Assets.xcassets in Resources */,
				ABF80E8B269977C9003D5E60 /* Assets.xcassets in Resources */,
			);
			runOnlyForDeploymentPostprocessing = 0;
		};
		ABF80E9E269C7621003D5E60 /* Resources */ = {
			isa = PBXResourcesBuildPhase;
			buildActionMask = 2147483647;
			files = (
			);
			runOnlyForDeploymentPostprocessing = 0;
		};
/* End PBXResourcesBuildPhase section */

/* Begin PBXSourcesBuildPhase section */
		ABF80E7F269977C7003D5E60 /* Sources */ = {
			isa = PBXSourcesBuildPhase;
			buildActionMask = 2147483647;
			files = (
				ABF80E89269977C7003D5E60 /* ContentView.swift in Sources */,
				ABF80EAB269E783D003D5E60 /* TextView.swift in Sources */,
				ABF80EAD269E83BA003D5E60 /* Shapes.swift in Sources */,
				ABF3F92A26A00F4600AE618F /* PointsVie.swift in Sources */,
				ABF3F93026A07C4F00AE618F /* LeaderBoardView.swift in Sources */,
				ABF80EB1269EADCD003D5E60 /* BackgroundView.swift in Sources */,
				ABF80E9B269C6E5A003D5E60 /* Game.swift in Sources */,
				ABF80E87269977C7003D5E60 /* BullseyeApp.swift in Sources */,
				ABF3F92C26A077E600AE618F /* Constants.swift in Sources */,
				ABF80EAF269E8E54003D5E60 /* RoundViews.swift in Sources */,
			);
			runOnlyForDeploymentPostprocessing = 0;
		};
		ABF80E9C269C7621003D5E60 /* Sources */ = {
			isa = PBXSourcesBuildPhase;
			buildActionMask = 2147483647;
			files = (
				ABF80EA3269C7621003D5E60 /* BullseyeTests.swift in Sources */,
			);
			runOnlyForDeploymentPostprocessing = 0;
		};
/* End PBXSourcesBuildPhase section */

/* Begin PBXTargetDependency section */
		ABF80EA6269C7621003D5E60 /* PBXTargetDependency */ = {
			isa = PBXTargetDependency;
			target = ABF80E82269977C7003D5E60 /* Bullseye */;
			targetProxy = ABF80EA5269C7621003D5E60 /* PBXContainerItemProxy */;
		};
/* End PBXTargetDependency section */

/* Begin XCBuildConfiguration section */
		ABF80E90269977C9003D5E60 /* Debug */ = {
			isa = XCBuildConfiguration;
			buildSettings = {
				ALWAYS_SEARCH_USER_PATHS = NO;
				CLANG_ANALYZER_NONNULL = YES;
				CLANG_ANALYZER_NUMBER_OBJECT_CONVERSION = YES_AGGRESSIVE;
				CLANG_CXX_LANGUAGE_STANDARD = "gnu++14";
				CLANG_CXX_LIBRARY = "libc++";
				CLANG_ENABLE_MODULES = YES;
				CLANG_ENABLE_OBJC_ARC = YES;
				CLANG_ENABLE_OBJC_WEAK = YES;
				CLANG_WARN_BLOCK_CAPTURE_AUTORELEASING = YES;
				CLANG_WARN_BOOL_CONVERSION = YES;
				CLANG_WARN_COMMA = YES;
				CLANG_WARN_CONSTANT_CONVERSION = YES;
				CLANG_WARN_DEPRECATED_OBJC_IMPLEMENTATIONS = YES;
				CLANG_WARN_DIRECT_OBJC_ISA_USAGE = YES_ERROR;
				CLANG_WARN_DOCUMENTATION_COMMENTS = YES;
				CLANG_WARN_EMPTY_BODY = YES;
				CLANG_WARN_ENUM_CONVERSION = YES;
				CLANG_WARN_INFINITE_RECURSION = YES;
				CLANG_WARN_INT_CONVERSION = YES;
				CLANG_WARN_NON_LITERAL_NULL_CONVERSION = YES;
				CLANG_WARN_OBJC_IMPLICIT_RETAIN_SELF = YES;
				CLANG_WARN_OBJC_LITERAL_CONVERSION = YES;
				CLANG_WARN_OBJC_ROOT_CLASS = YES_ERROR;
				CLANG_WARN_QUOTED_INCLUDE_IN_FRAMEWORK_HEADER = YES;
				CLANG_WARN_RANGE_LOOP_ANALYSIS = YES;
				CLANG_WARN_STRICT_PROTOTYPES = YES;
				CLANG_WARN_SUSPICIOUS_MOVE = YES;
				CLANG_WARN_UNGUARDED_AVAILABILITY = YES_AGGRESSIVE;
				CLANG_WARN_UNREACHABLE_CODE = YES;
				CLANG_WARN__DUPLICATE_METHOD_MATCH = YES;
				COPY_PHASE_STRIP = NO;
				DEBUG_INFORMATION_FORMAT = dwarf;
				ENABLE_STRICT_OBJC_MSGSEND = YES;
				ENABLE_TESTABILITY = YES;
				GCC_C_LANGUAGE_STANDARD = gnu11;
				GCC_DYNAMIC_NO_PIC = NO;
				GCC_NO_COMMON_BLOCKS = YES;
				GCC_OPTIMIZATION_LEVEL = 0;
				GCC_PREPROCESSOR_DEFINITIONS = (
					"DEBUG=1",
					"$(inherited)",
				);
				GCC_WARN_64_TO_32_BIT_CONVERSION = YES;
				GCC_WARN_ABOUT_RETURN_TYPE = YES_ERROR;
				GCC_WARN_UNDECLARED_SELECTOR = YES;
				GCC_WARN_UNINITIALIZED_AUTOS = YES_AGGRESSIVE;
				GCC_WARN_UNUSED_FUNCTION = YES;
				GCC_WARN_UNUSED_VARIABLE = YES;
				IPHONEOS_DEPLOYMENT_TARGET = 14.5;
				MTL_ENABLE_DEBUG_INFO = INCLUDE_SOURCE;
				MTL_FAST_MATH = YES;
				ONLY_ACTIVE_ARCH = YES;
				SDKROOT = iphoneos;
				SWIFT_ACTIVE_COMPILATION_CONDITIONS = DEBUG;
				SWIFT_OPTIMIZATION_LEVEL = "-Onone";
			};
			name = Debug;
		};
		ABF80E91269977C9003D5E60 /* Release */ = {
			isa = XCBuildConfiguration;
			buildSettings = {
				ALWAYS_SEARCH_USER_PATHS = NO;
				CLANG_ANALYZER_NONNULL = YES;
				CLANG_ANALYZER_NUMBER_OBJECT_CONVERSION = YES_AGGRESSIVE;
				CLANG_CXX_LANGUAGE_STANDARD = "gnu++14";
				CLANG_CXX_LIBRARY = "libc++";
				CLANG_ENABLE_MODULES = YES;
				CLANG_ENABLE_OBJC_ARC = YES;
				CLANG_ENABLE_OBJC_WEAK = YES;
				CLANG_WARN_BLOCK_CAPTURE_AUTORELEASING = YES;
				CLANG_WARN_BOOL_CONVERSION = YES;
				CLANG_WARN_COMMA = YES;
				CLANG_WARN_CONSTANT_CONVERSION = YES;
				CLANG_WARN_DEPRECATED_OBJC_IMPLEMENTATIONS = YES;
				CLANG_WARN_DIRECT_OBJC_ISA_USAGE = YES_ERROR;
				CLANG_WARN_DOCUMENTATION_COMMENTS = YES;
				CLANG_WARN_EMPTY_BODY = YES;
				CLANG_WARN_ENUM_CONVERSION = YES;
				CLANG_WARN_INFINITE_RECURSION = YES;
				CLANG_WARN_INT_CONVERSION = YES;
				CLANG_WARN_NON_LITERAL_NULL_CONVERSION = YES;
				CLANG_WARN_OBJC_IMPLICIT_RETAIN_SELF = YES;
				CLANG_WARN_OBJC_LITERAL_CONVERSION = YES;
				CLANG_WARN_OBJC_ROOT_CLASS = YES_ERROR;
				CLANG_WARN_QUOTED_INCLUDE_IN_FRAMEWORK_HEADER = YES;
				CLANG_WARN_RANGE_LOOP_ANALYSIS = YES;
				CLANG_WARN_STRICT_PROTOTYPES = YES;
				CLANG_WARN_SUSPICIOUS_MOVE = YES;
				CLANG_WARN_UNGUARDED_AVAILABILITY = YES_AGGRESSIVE;
				CLANG_WARN_UNREACHABLE_CODE = YES;
				CLANG_WARN__DUPLICATE_METHOD_MATCH = YES;
				COPY_PHASE_STRIP = NO;
				DEBUG_INFORMATION_FORMAT = "dwarf-with-dsym";
				ENABLE_NS_ASSERTIONS = NO;
				ENABLE_STRICT_OBJC_MSGSEND = YES;
				GCC_C_LANGUAGE_STANDARD = gnu11;
				GCC_NO_COMMON_BLOCKS = YES;
				GCC_WARN_64_TO_32_BIT_CONVERSION = YES;
				GCC_WARN_ABOUT_RETURN_TYPE = YES_ERROR;
				GCC_WARN_UNDECLARED_SELECTOR = YES;
				GCC_WARN_UNINITIALIZED_AUTOS = YES_AGGRESSIVE;
				GCC_WARN_UNUSED_FUNCTION = YES;
				GCC_WARN_UNUSED_VARIABLE = YES;
				IPHONEOS_DEPLOYMENT_TARGET = 14.5;
				MTL_ENABLE_DEBUG_INFO = NO;
				MTL_FAST_MATH = YES;
				SDKROOT = iphoneos;
				SWIFT_COMPILATION_MODE = wholemodule;
				SWIFT_OPTIMIZATION_LEVEL = "-O";
				VALIDATE_PRODUCT = YES;
			};
			name = Release;
		};
		ABF80E93269977C9003D5E60 /* Debug */ = {
			isa = XCBuildConfiguration;
			buildSettings = {
				ASSETCATALOG_COMPILER_APPICON_NAME = AppIcon;
				ASSETCATALOG_COMPILER_GLOBAL_ACCENT_COLOR_NAME = AccentColor;
				CODE_SIGN_STYLE = Automatic;
				DEVELOPMENT_ASSET_PATHS = "\"Bullseye/Preview Content\"";
				DEVELOPMENT_TEAM = P426AJ4XTG;
				ENABLE_PREVIEWS = YES;
				INFOPLIST_FILE = Bullseye/App/Info.plist;
				IPHONEOS_DEPLOYMENT_TARGET = 14.0;
				LD_RUNPATH_SEARCH_PATHS = (
					"$(inherited)",
					"@executable_path/Frameworks",
				);
				PRODUCT_BUNDLE_IDENTIFIER = Daisy.Bullseye;
				PRODUCT_NAME = "$(TARGET_NAME)";
				SWIFT_VERSION = 5.0;
				TARGETED_DEVICE_FAMILY = 1;
			};
			name = Debug;
		};
		ABF80E94269977C9003D5E60 /* Release */ = {
			isa = XCBuildConfiguration;
			buildSettings = {
				ASSETCATALOG_COMPILER_APPICON_NAME = AppIcon;
				ASSETCATALOG_COMPILER_GLOBAL_ACCENT_COLOR_NAME = AccentColor;
				CODE_SIGN_STYLE = Automatic;
				DEVELOPMENT_ASSET_PATHS = "\"Bullseye/Preview Content\"";
				DEVELOPMENT_TEAM = P426AJ4XTG;
				ENABLE_PREVIEWS = YES;
				INFOPLIST_FILE = Bullseye/App/Info.plist;
				IPHONEOS_DEPLOYMENT_TARGET = 14.0;
				LD_RUNPATH_SEARCH_PATHS = (
					"$(inherited)",
					"@executable_path/Frameworks",
				);
				PRODUCT_BUNDLE_IDENTIFIER = Daisy.Bullseye;
				PRODUCT_NAME = "$(TARGET_NAME)";
				SWIFT_VERSION = 5.0;
				TARGETED_DEVICE_FAMILY = 1;
			};
			name = Release;
		};
		ABF80EA8269C7621003D5E60 /* Debug */ = {
			isa = XCBuildConfiguration;
			buildSettings = {
				BUNDLE_LOADER = "$(TEST_HOST)";
				CODE_SIGN_STYLE = Automatic;
				DEVELOPMENT_TEAM = P426AJ4XTG;
				INFOPLIST_FILE = BullseyeTests/Info.plist;
				LD_RUNPATH_SEARCH_PATHS = (
					"$(inherited)",
					"@executable_path/Frameworks",
					"@loader_path/Frameworks",
				);
				PRODUCT_BUNDLE_IDENTIFIER = Daisy.BullseyeTests;
				PRODUCT_NAME = "$(TARGET_NAME)";
				SWIFT_VERSION = 5.0;
				TARGETED_DEVICE_FAMILY = "1,2";
				TEST_HOST = "$(BUILT_PRODUCTS_DIR)/Bullseye.app/Bullseye";
			};
			name = Debug;
		};
		ABF80EA9269C7621003D5E60 /* Release */ = {
			isa = XCBuildConfiguration;
			buildSettings = {
				BUNDLE_LOADER = "$(TEST_HOST)";
				CODE_SIGN_STYLE = Automatic;
				DEVELOPMENT_TEAM = P426AJ4XTG;
				INFOPLIST_FILE = BullseyeTests/Info.plist;
				LD_RUNPATH_SEARCH_PATHS = (
					"$(inherited)",
					"@executable_path/Frameworks",
					"@loader_path/Frameworks",
				);
				PRODUCT_BUNDLE_IDENTIFIER = Daisy.BullseyeTests;
				PRODUCT_NAME = "$(TARGET_NAME)";
				SWIFT_VERSION = 5.0;
				TARGETED_DEVICE_FAMILY = "1,2";
				TEST_HOST = "$(BUILT_PRODUCTS_DIR)/Bullseye.app/Bullseye";
			};
			name = Release;
		};
/* End XCBuildConfiguration section */

/* Begin XCConfigurationList section */
		ABF80E7E269977C7003D5E60 /* Build configuration list for PBXProject "Bullseye" */ = {
			isa = XCConfigurationList;
			buildConfigurations = (
				ABF80E90269977C9003D5E60 /* Debug */,
				ABF80E91269977C9003D5E60 /* Release */,
			);
			defaultConfigurationIsVisible = 0;
			defaultConfigurationName = Release;
		};
		ABF80E92269977C9003D5E60 /* Build configuration list for PBXNativeTarget "Bullseye" */ = {
			isa = XCConfigurationList;
			buildConfigurations = (
				ABF80E93269977C9003D5E60 /* Debug */,
				ABF80E94269977C9003D5E60 /* Release */,
			);
			defaultConfigurationIsVisible = 0;
			defaultConfigurationName = Release;
		};
		ABF80EA7269C7621003D5E60 /* Build configuration list for PBXNativeTarget "BullseyeTests" */ = {
			isa = XCConfigurationList;
			buildConfigurations = (
				ABF80EA8269C7621003D5E60 /* Debug */,
				ABF80EA9269C7621003D5E60 /* Release */,
			);
			defaultConfigurationIsVisible = 0;
			defaultConfigurationName = Release;
		};
/* End XCConfigurationList section */
	};
	rootObject = ABF80E7B269977C7003D5E60 /* Project object */;
}
